PODS:
  - SDWebImage (5.10.2):
    - SDWebImage/Core (= 5.10.2)
  - SDWebImage/Core (5.10.2)

DEPENDENCIES:
  - SDWebImage (~> 5.0)

SPEC REPOS:
  trunk:
    - SDWebImage

SPEC CHECKSUMS:
  SDWebImage: b969dcfc02c40a5da71eac0b03b8f1a0c794a86f

PODFILE CHECKSUM: 08a58ca87052a9f4a704bbda42d7910f5a2bbe1b

COCOAPODS: 1.10.0
